
Microsoft Visual Studio Solution File, Format Version 12.00
# Visual Studio 15
VisualStudioVersion = 15.0.28307.136
MinimumVisualStudioVersion = 10.0.40219.1
Project("{FAE04EC0-301F-11D3-BF4B-00C04F79EFBC}") = "CoreMvcDocker", "CoreMvcDocker\CoreMvcDocker.csproj", "{1C61436C-0352-4AA3-85D3-20B014E2263A}"
EndProject
Global
	GlobalSection(SolutionConfigurationPlatforms) = preSolution
		Debug|Any CPU = Debug|Any CPU
		Release|Any CPU = Release|Any CPU
	EndGlobalSection
	GlobalSection(ProjectConfigurationPlatforms) = postSolution
		{1C61436C-0352-4AA3-85D3-20B014E2263A}.Debug|Any CPU.ActiveCfg = Debug|Any CPU
		{1C61436C-0352-4AA3-85D3-20B014E2263A}.Debug|Any CPU.Build.0 = Debug|Any CPU
		{1C61436C-0352-4AA3-85D3-20B014E2263A}.Release|Any CPU.ActiveCfg = Release|Any CPU
		{1C61436C-0352-4AA3-85D3-20B014E2263A}.Release|Any CPU.Build.0 = Release|Any CPU
	EndGlobalSection
	GlobalSection(SolutionProperties) = preSolution
		HideSolutionNode = FALSE
	EndGlobalSection
	GlobalSection(ExtensibilityGlobals) = postSolution
		SolutionGuid = {A20AB068-F93D-4DD8-B36D-606DCA6385B0}
	EndGlobalSection
EndGlobal
